
Microsoft Visual Studio Solution File, Format Version 12.00
# Visual Studio Version 17
VisualStudioVersion = 17.7.34009.444
MinimumVisualStudioVersion = 10.0.40219.1
Project("{2150E333-8FDC-42A3-9474-1A3956D46DE8}") = "Solution Items", "Solution Items", "{3C3801E2-C2FB-4F0E-8781-3CE67124EE47}"
	ProjectSection(SolutionItems) = preProject
		src\docker-compose.override.yml = src\docker-compose.override.yml
		src\docker-compose.yml = src\docker-compose.yml
		global.json = global.json
		README.md = README.md
	EndProjectSection
EndProject
Project("{2150E333-8FDC-42A3-9474-1A3956D46DE8}") = "src", "src", "{53D52599-BD51-4784-8837-F5BEE330AD55}"
EndProject
Project("{2150E333-8FDC-42A3-9474-1A3956D46DE8}") = "tests", "tests", "{6DE89BAA-6BA3-4CF0-9CAA-49F48B49DA5C}"
EndProject
Project("{2150E333-8FDC-42A3-9474-1A3956D46DE8}") = "ApiGateways", "ApiGateways", "{8A04F88A-5F66-44DC-8F61-968A1476479C}"
EndProject
Project("{2150E333-8FDC-42A3-9474-1A3956D46DE8}") = "BuildingBlocks", "BuildingBlocks", "{272B29E3-830D-466E-952C-E007314297B8}"
EndProject
Project("{2150E333-8FDC-42A3-9474-1A3956D46DE8}") = "Services", "Services", "{603AE9B1-D780-4CAE-9248-C4BB8334C2AB}"
EndProject
Project("{2150E333-8FDC-42A3-9474-1A3956D46DE8}") = "WebApps", "WebApps", "{B00B8963-9FC6-4D12-8518-899A058A5DC8}"
EndProject
Project("{2150E333-8FDC-42A3-9474-1A3956D46DE8}") = "Product", "Product", "{24387CBE-6523-4029-9B4A-767502A5FED9}"
EndProject
Project("{2150E333-8FDC-42A3-9474-1A3956D46DE8}") = "Customer", "Customer", "{775E1C0E-692C-4251-B274-6ED55F726641}"
EndProject
Project("{2150E333-8FDC-42A3-9474-1A3956D46DE8}") = "Basket", "Basket", "{3EFDEEF0-2C5A-4313-BC71-504964403E9B}"
EndProject
Project("{2150E333-8FDC-42A3-9474-1A3956D46DE8}") = "Inventory", "Inventory", "{1FD437B1-55A5-457C-B9F8-1E444BD4C7B8}"
EndProject
Project("{2150E333-8FDC-42A3-9474-1A3956D46DE8}") = "ScheduledJob", "ScheduledJob", "{8B855BF7-06F5-4189-9ED1-EA2F3A33E7F8}"
EndProject
Project("{2150E333-8FDC-42A3-9474-1A3956D46DE8}") = "Ordering", "Ordering", "{6655486C-6567-44AA-9266-0FE41B71C9F1}"
EndProject
Project("{9A19103F-16F7-4668-BE54-9A1E7A4F7556}") = "OcelotApiGW", "..\OcelotApiGW\OcelotApiGW.csproj", "{94BAFE7A-1E42-4F69-AC0D-6DD3C0133899}"
EndProject
Project("{9A19103F-16F7-4668-BE54-9A1E7A4F7556}") = "Common.Logging", "src\BuildingBlocks\Common.Logging\Common.Logging.csproj", "{4C3DAF68-7FC8-47E9-99E7-A3312812904C}"
EndProject
Project("{9A19103F-16F7-4668-BE54-9A1E7A4F7556}") = "Contracts", "src\BuildingBlocks\Contracts\Contracts.csproj", "{C22313B3-15E1-4ED4-BD6A-6047E66D313F}"
EndProject
Project("{9A19103F-16F7-4668-BE54-9A1E7A4F7556}") = "EventBus.Messages", "src\BuildingBlocks\EventBus.Messages\EventBus.Messages.csproj", "{4802FBF1-C988-487B-8E63-2640690D09D4}"
EndProject
Project("{9A19103F-16F7-4668-BE54-9A1E7A4F7556}") = "Infrastructure", "src\BuildingBlocks\Infrastructure\Infrastructure.csproj", "{0CE82B07-E79B-4838-A4BD-C1871A688CA6}"
EndProject
Project("{9A19103F-16F7-4668-BE54-9A1E7A4F7556}") = "Shared", "src\BuildingBlocks\Shared\Shared.csproj", "{FAD80B34-ACB9-4CF5-8B99-0B9D43C71EEB}"
EndProject
Project("{9A19103F-16F7-4668-BE54-9A1E7A4F7556}") = "Basket.API", "src\Services\Basket.API\Basket.API.csproj", "{D897286E-FC8B-4BA9-9401-7436229A7026}"
EndProject
Project("{9A19103F-16F7-4668-BE54-9A1E7A4F7556}") = "Customer.API", "src\Services\Customer.API\Customer.API.csproj", "{AB960C88-1C7A-4A49-89B3-94FC6D6222A3}"
EndProject
Project("{9A19103F-16F7-4668-BE54-9A1E7A4F7556}") = "Inventory.Product.API", "src\Services\Inventory.API\Inventory.Product.API.csproj", "{6CA87BC1-BD0B-410C-BF30-B462B2BA98B7}"
EndProject
Project("{9A19103F-16F7-4668-BE54-9A1E7A4F7556}") = "Product.API", "src\Services\Product.API\Product.API.csproj", "{2C97CD68-AFA8-4E98-8995-A6BA3465EA8E}"
EndProject
Project("{9A19103F-16F7-4668-BE54-9A1E7A4F7556}") = "Hangfire.API", "src\Services\Hangfire.API\Hangfire.API.csproj", "{4DD74616-3CB4-4CEF-A463-594D004696F0}"
EndProject
Project("{2150E333-8FDC-42A3-9474-1A3956D46DE8}") = "Ordering.API", "Ordering.API", "{B1FF56D5-7824-4F5C-85E5-BDD588D199B8}"
EndProject
Project("{9A19103F-16F7-4668-BE54-9A1E7A4F7556}") = "Ordrering.API", "src\Services\Ordrering.API\Ordrering.API.csproj", "{67C732E4-5EA6-4B73-B526-D86FC827F967}"
EndProject
Project("{FAE04EC0-301F-11D3-BF4B-00C04F79EFBC}") = "Ordering.Application", "Ordering.Application\Ordering.Application.csproj", "{8DA0EDE2-85ED-4B40-AF56-794F8E6E03F7}"
EndProject
Project("{FAE04EC0-301F-11D3-BF4B-00C04F79EFBC}") = "Ordering.Domain", "Ordering.Domain\Ordering.Domain.csproj", "{ECD06D27-4D8F-4EE6-B27C-4C3C1BB2FE43}"
EndProject
Project("{FAE04EC0-301F-11D3-BF4B-00C04F79EFBC}") = "Ordering.Infrastructure", "Ordering.Infrastructure\Ordering.Infrastructure.csproj", "{D9F76248-E063-4442-BB74-A42FA46D0B1F}"
EndProject
Global
	GlobalSection(SolutionConfigurationPlatforms) = preSolution
		Debug|Any CPU = Debug|Any CPU
		Release|Any CPU = Release|Any CPU
	EndGlobalSection
	GlobalSection(ProjectConfigurationPlatforms) = postSolution
		{94BAFE7A-1E42-4F69-AC0D-6DD3C0133899}.Debug|Any CPU.ActiveCfg = Debug|Any CPU
		{94BAFE7A-1E42-4F69-AC0D-6DD3C0133899}.Debug|Any CPU.Build.0 = Debug|Any CPU
		{94BAFE7A-1E42-4F69-AC0D-6DD3C0133899}.Release|Any CPU.ActiveCfg = Release|Any CPU
		{94BAFE7A-1E42-4F69-AC0D-6DD3C0133899}.Release|Any CPU.Build.0 = Release|Any CPU
		{4C3DAF68-7FC8-47E9-99E7-A3312812904C}.Debug|Any CPU.ActiveCfg = Debug|Any CPU
		{4C3DAF68-7FC8-47E9-99E7-A3312812904C}.Debug|Any CPU.Build.0 = Debug|Any CPU
		{4C3DAF68-7FC8-47E9-99E7-A3312812904C}.Release|Any CPU.ActiveCfg = Release|Any CPU
		{4C3DAF68-7FC8-47E9-99E7-A3312812904C}.Release|Any CPU.Build.0 = Release|Any CPU
		{C22313B3-15E1-4ED4-BD6A-6047E66D313F}.Debug|Any CPU.ActiveCfg = Debug|Any CPU
		{C22313B3-15E1-4ED4-BD6A-6047E66D313F}.Debug|Any CPU.Build.0 = Debug|Any CPU
		{C22313B3-15E1-4ED4-BD6A-6047E66D313F}.Release|Any CPU.ActiveCfg = Release|Any CPU
		{C22313B3-15E1-4ED4-BD6A-6047E66D313F}.Release|Any CPU.Build.0 = Release|Any CPU
		{4802FBF1-C988-487B-8E63-2640690D09D4}.Debug|Any CPU.ActiveCfg = Debug|Any CPU
		{4802FBF1-C988-487B-8E63-2640690D09D4}.Debug|Any CPU.Build.0 = Debug|Any CPU
		{4802FBF1-C988-487B-8E63-2640690D09D4}.Release|Any CPU.ActiveCfg = Release|Any CPU
		{4802FBF1-C988-487B-8E63-2640690D09D4}.Release|Any CPU.Build.0 = Release|Any CPU
		{0CE82B07-E79B-4838-A4BD-C1871A688CA6}.Debug|Any CPU.ActiveCfg = Debug|Any CPU
		{0CE82B07-E79B-4838-A4BD-C1871A688CA6}.Debug|Any CPU.Build.0 = Debug|Any CPU
		{0CE82B07-E79B-4838-A4BD-C1871A688CA6}.Release|Any CPU.ActiveCfg = Release|Any CPU
		{0CE82B07-E79B-4838-A4BD-C1871A688CA6}.Release|Any CPU.Build.0 = Release|Any CPU
		{FAD80B34-ACB9-4CF5-8B99-0B9D43C71EEB}.Debug|Any CPU.ActiveCfg = Debug|Any CPU
		{FAD80B34-ACB9-4CF5-8B99-0B9D43C71EEB}.Debug|Any CPU.Build.0 = Debug|Any CPU
		{FAD80B34-ACB9-4CF5-8B99-0B9D43C71EEB}.Release|Any CPU.ActiveCfg = Release|Any CPU
		{FAD80B34-ACB9-4CF5-8B99-0B9D43C71EEB}.Release|Any CPU.Build.0 = Release|Any CPU
		{D897286E-FC8B-4BA9-9401-7436229A7026}.Debug|Any CPU.ActiveCfg = Debug|Any CPU
		{D897286E-FC8B-4BA9-9401-7436229A7026}.Debug|Any CPU.Build.0 = Debug|Any CPU
		{D897286E-FC8B-4BA9-9401-7436229A7026}.Release|Any CPU.ActiveCfg = Release|Any CPU
		{D897286E-FC8B-4BA9-9401-7436229A7026}.Release|Any CPU.Build.0 = Release|Any CPU
		{AB960C88-1C7A-4A49-89B3-94FC6D6222A3}.Debug|Any CPU.ActiveCfg = Debug|Any CPU
		{AB960C88-1C7A-4A49-89B3-94FC6D6222A3}.Debug|Any CPU.Build.0 = Debug|Any CPU
		{AB960C88-1C7A-4A49-89B3-94FC6D6222A3}.Release|Any CPU.ActiveCfg = Release|Any CPU
		{AB960C88-1C7A-4A49-89B3-94FC6D6222A3}.Release|Any CPU.Build.0 = Release|Any CPU
		{6CA87BC1-BD0B-410C-BF30-B462B2BA98B7}.Debug|Any CPU.ActiveCfg = Debug|Any CPU
		{6CA87BC1-BD0B-410C-BF30-B462B2BA98B7}.Debug|Any CPU.Build.0 = Debug|Any CPU
		{6CA87BC1-BD0B-410C-BF30-B462B2BA98B7}.Release|Any CPU.ActiveCfg = Release|Any CPU
		{6CA87BC1-BD0B-410C-BF30-B462B2BA98B7}.Release|Any CPU.Build.0 = Release|Any CPU
		{2C97CD68-AFA8-4E98-8995-A6BA3465EA8E}.Debug|Any CPU.ActiveCfg = Debug|Any CPU
		{2C97CD68-AFA8-4E98-8995-A6BA3465EA8E}.Debug|Any CPU.Build.0 = Debug|Any CPU
		{2C97CD68-AFA8-4E98-8995-A6BA3465EA8E}.Release|Any CPU.ActiveCfg = Release|Any CPU
		{2C97CD68-AFA8-4E98-8995-A6BA3465EA8E}.Release|Any CPU.Build.0 = Release|Any CPU
		{4DD74616-3CB4-4CEF-A463-594D004696F0}.Debug|Any CPU.ActiveCfg = Debug|Any CPU
		{4DD74616-3CB4-4CEF-A463-594D004696F0}.Debug|Any CPU.Build.0 = Debug|Any CPU
		{4DD74616-3CB4-4CEF-A463-594D004696F0}.Release|Any CPU.ActiveCfg = Release|Any CPU
		{4DD74616-3CB4-4CEF-A463-594D004696F0}.Release|Any CPU.Build.0 = Release|Any CPU
		{67C732E4-5EA6-4B73-B526-D86FC827F967}.Debug|Any CPU.ActiveCfg = Debug|Any CPU
		{67C732E4-5EA6-4B73-B526-D86FC827F967}.Debug|Any CPU.Build.0 = Debug|Any CPU
		{67C732E4-5EA6-4B73-B526-D86FC827F967}.Release|Any CPU.ActiveCfg = Release|Any CPU
		{67C732E4-5EA6-4B73-B526-D86FC827F967}.Release|Any CPU.Build.0 = Release|Any CPU
		{8DA0EDE2-85ED-4B40-AF56-794F8E6E03F7}.Debug|Any CPU.ActiveCfg = Debug|Any CPU
		{8DA0EDE2-85ED-4B40-AF56-794F8E6E03F7}.Debug|Any CPU.Build.0 = Debug|Any CPU
		{8DA0EDE2-85ED-4B40-AF56-794F8E6E03F7}.Release|Any CPU.ActiveCfg = Release|Any CPU
		{8DA0EDE2-85ED-4B40-AF56-794F8E6E03F7}.Release|Any CPU.Build.0 = Release|Any CPU
		{ECD06D27-4D8F-4EE6-B27C-4C3C1BB2FE43}.Debug|Any CPU.ActiveCfg = Debug|Any CPU
		{ECD06D27-4D8F-4EE6-B27C-4C3C1BB2FE43}.Debug|Any CPU.Build.0 = Debug|Any CPU
		{ECD06D27-4D8F-4EE6-B27C-4C3C1BB2FE43}.Release|Any CPU.ActiveCfg = Release|Any CPU
		{ECD06D27-4D8F-4EE6-B27C-4C3C1BB2FE43}.Release|Any CPU.Build.0 = Release|Any CPU
		{D9F76248-E063-4442-BB74-A42FA46D0B1F}.Debug|Any CPU.ActiveCfg = Debug|Any CPU
		{D9F76248-E063-4442-BB74-A42FA46D0B1F}.Debug|Any CPU.Build.0 = Debug|Any CPU
		{D9F76248-E063-4442-BB74-A42FA46D0B1F}.Release|Any CPU.ActiveCfg = Release|Any CPU
		{D9F76248-E063-4442-BB74-A42FA46D0B1F}.Release|Any CPU.Build.0 = Release|Any CPU
	EndGlobalSection
	GlobalSection(SolutionProperties) = preSolution
		HideSolutionNode = FALSE
	EndGlobalSection
	GlobalSection(NestedProjects) = preSolution
		{8A04F88A-5F66-44DC-8F61-968A1476479C} = {53D52599-BD51-4784-8837-F5BEE330AD55}
		{272B29E3-830D-466E-952C-E007314297B8} = {53D52599-BD51-4784-8837-F5BEE330AD55}
		{603AE9B1-D780-4CAE-9248-C4BB8334C2AB} = {53D52599-BD51-4784-8837-F5BEE330AD55}
		{B00B8963-9FC6-4D12-8518-899A058A5DC8} = {53D52599-BD51-4784-8837-F5BEE330AD55}
		{24387CBE-6523-4029-9B4A-767502A5FED9} = {603AE9B1-D780-4CAE-9248-C4BB8334C2AB}
		{775E1C0E-692C-4251-B274-6ED55F726641} = {603AE9B1-D780-4CAE-9248-C4BB8334C2AB}
		{3EFDEEF0-2C5A-4313-BC71-504964403E9B} = {603AE9B1-D780-4CAE-9248-C4BB8334C2AB}
		{1FD437B1-55A5-457C-B9F8-1E444BD4C7B8} = {603AE9B1-D780-4CAE-9248-C4BB8334C2AB}
		{8B855BF7-06F5-4189-9ED1-EA2F3A33E7F8} = {603AE9B1-D780-4CAE-9248-C4BB8334C2AB}
		{6655486C-6567-44AA-9266-0FE41B71C9F1} = {603AE9B1-D780-4CAE-9248-C4BB8334C2AB}
		{94BAFE7A-1E42-4F69-AC0D-6DD3C0133899} = {8A04F88A-5F66-44DC-8F61-968A1476479C}
		{4C3DAF68-7FC8-47E9-99E7-A3312812904C} = {272B29E3-830D-466E-952C-E007314297B8}
		{C22313B3-15E1-4ED4-BD6A-6047E66D313F} = {272B29E3-830D-466E-952C-E007314297B8}
		{4802FBF1-C988-487B-8E63-2640690D09D4} = {272B29E3-830D-466E-952C-E007314297B8}
		{0CE82B07-E79B-4838-A4BD-C1871A688CA6} = {272B29E3-830D-466E-952C-E007314297B8}
		{FAD80B34-ACB9-4CF5-8B99-0B9D43C71EEB} = {272B29E3-830D-466E-952C-E007314297B8}
		{D897286E-FC8B-4BA9-9401-7436229A7026} = {3EFDEEF0-2C5A-4313-BC71-504964403E9B}
		{AB960C88-1C7A-4A49-89B3-94FC6D6222A3} = {775E1C0E-692C-4251-B274-6ED55F726641}
		{6CA87BC1-BD0B-410C-BF30-B462B2BA98B7} = {1FD437B1-55A5-457C-B9F8-1E444BD4C7B8}
		{2C97CD68-AFA8-4E98-8995-A6BA3465EA8E} = {24387CBE-6523-4029-9B4A-767502A5FED9}
		{4DD74616-3CB4-4CEF-A463-594D004696F0} = {8B855BF7-06F5-4189-9ED1-EA2F3A33E7F8}
		{B1FF56D5-7824-4F5C-85E5-BDD588D199B8} = {6655486C-6567-44AA-9266-0FE41B71C9F1}
		{67C732E4-5EA6-4B73-B526-D86FC827F967} = {B1FF56D5-7824-4F5C-85E5-BDD588D199B8}
		{8DA0EDE2-85ED-4B40-AF56-794F8E6E03F7} = {B1FF56D5-7824-4F5C-85E5-BDD588D199B8}
		{ECD06D27-4D8F-4EE6-B27C-4C3C1BB2FE43} = {B1FF56D5-7824-4F5C-85E5-BDD588D199B8}
		{D9F76248-E063-4442-BB74-A42FA46D0B1F} = {B1FF56D5-7824-4F5C-85E5-BDD588D199B8}
	EndGlobalSection
	GlobalSection(ExtensibilityGlobals) = postSolution
		SolutionGuid = {45C0BE78-02DC-4F87-BB2F-9B904F7EE1C1}
	EndGlobalSection
EndGlobal
